
Microsoft Visual Studio Solution File, Format Version 12.00
# Visual Studio Version 16
VisualStudioVersion = 16.0.30523.141
MinimumVisualStudioVersion = 10.0.40219.1
Project("{8BC9CEB8-8B4A-11D0-8D11-00A0C91BC942}") = "FunctionOverloads", "FunctionOverloads\FunctionOverloads.vcxproj", "{F8C9BD4A-38AF-43C5-B284-F4E60BC75EA8}"
EndProject
Project("{8BC9CEB8-8B4A-11D0-8D11-00A0C91BC942}") = "Test", "Test\Test.vcxproj", "{390D2408-E6D3-4DAC-A2A9-1A8ADBA08FB7}"
EndProject
Global
	GlobalSection(SolutionConfigurationPlatforms) = preSolution
		Debug|x64 = Debug|x64
		Debug|x86 = Debug|x86
		Release|x64 = Release|x64
		Release|x86 = Release|x86
	EndGlobalSection
	GlobalSection(ProjectConfigurationPlatforms) = postSolution
		{F8C9BD4A-38AF-43C5-B284-F4E60BC75EA8}.Debug|x64.ActiveCfg = Debug|x64
		{F8C9BD4A-38AF-43C5-B284-F4E60BC75EA8}.Debug|x64.Build.0 = Debug|x64
		{F8C9BD4A-38AF-43C5-B284-F4E60BC75EA8}.Debug|x86.ActiveCfg = Debug|Win32
		{F8C9BD4A-38AF-43C5-B284-F4E60BC75EA8}.Debug|x86.Build.0 = Debug|Win32
		{F8C9BD4A-38AF-43C5-B284-F4E60BC75EA8}.Release|x64.ActiveCfg = Release|x64
		{F8C9BD4A-38AF-43C5-B284-F4E60BC75EA8}.Release|x64.Build.0 = Release|x64
		{F8C9BD4A-38AF-43C5-B284-F4E60BC75EA8}.Release|x86.ActiveCfg = Release|Win32
		{F8C9BD4A-38AF-43C5-B284-F4E60BC75EA8}.Release|x86.Build.0 = Release|Win32
		{390D2408-E6D3-4DAC-A2A9-1A8ADBA08FB7}.Debug|x64.ActiveCfg = Debug|x64
		{390D2408-E6D3-4DAC-A2A9-1A8ADBA08FB7}.Debug|x64.Build.0 = Debug|x64
		{390D2408-E6D3-4DAC-A2A9-1A8ADBA08FB7}.Debug|x86.ActiveCfg = Debug|Win32
		{390D2408-E6D3-4DAC-A2A9-1A8ADBA08FB7}.Debug|x86.Build.0 = Debug|Win32
		{390D2408-E6D3-4DAC-A2A9-1A8ADBA08FB7}.Release|x64.ActiveCfg = Release|x64
		{390D2408-E6D3-4DAC-A2A9-1A8ADBA08FB7}.Release|x64.Build.0 = Release|x64
		{390D2408-E6D3-4DAC-A2A9-1A8ADBA08FB7}.Release|x86.ActiveCfg = Release|Win32
		{390D2408-E6D3-4DAC-A2A9-1A8ADBA08FB7}.Release|x86.Build.0 = Release|Win32
	EndGlobalSection
	GlobalSection(SolutionProperties) = preSolution
		HideSolutionNode = FALSE
	EndGlobalSection
	GlobalSection(ExtensibilityGlobals) = postSolution
		SolutionGuid = {5113C545-2A8B-4A79-95E4-2AFED4D80B98}
	EndGlobalSection
EndGlobal
